<?xml version="1.0" encoding="utf-8"?>
<Project ToolsVersion="4.0" xmlns="http://schemas.microsoft.com/developer/msbuild/2003">
  <ItemGroup>
    <Filter Include="소스 파일">
      <UniqueIdentifier>{4FC737F1-C7A5-4376-A066-2A32D752A2FF}</UniqueIdentifier>
      <Extensions>cpp;c;cc;cxx;c++;cppm;ixx;def;odl;idl;hpj;bat;asm;asmx</Extensions>
    </Filter>
    <Filter Include="헤더 파일">
      <UniqueIdentifier>{93995380-89BD-4b04-88EB-625FBE52EBFB}</UniqueIdentifier>
      <Extensions>h;hh;hpp;hxx;h++;hm;inl;inc;ipp;xsd</Extensions>
    </Filter>
    <Filter Include="리소스 파일">
      <UniqueIdentifier>{67DA6AB6-F800-4c08-8B7A-83BB121AAD01}</UniqueIdentifier>
      <Extensions>rc;ico;cur;bmp;dlg;rc2;rct;bin;rgs;gif;jpg;jpeg;jpe;resx;tiff;tif;png;wav;mfcribbon-ms</Extensions>
    </Filter>
    <Filter Include="소스 파일\Debuger">
      <UniqueIdentifier>{1f727d61-6ddc-4c13-a006-fd77a57e26cf}</UniqueIdentifier>
    </Filter>
    <Filter Include="소스 파일\Profiler">
      <UniqueIdentifier>{03b2e5a5-387e-4f0b-ac45-a4d2ea11319b}</UniqueIdentifier>
    </Filter>
    <Filter Include="소스 파일\Debuger\Timer">
      <UniqueIdentifier>{52c7156f-e31a-4037-98e8-09bce4bde236}</UniqueIdentifier>
    </Filter>
    <Filter Include="소스 파일\Debuger\Logger">
      <UniqueIdentifier>{a4ed114b-661e-452a-a0e4-364de111029f}</UniqueIdentifier>
    </Filter>
  </ItemGroup>
  <ItemGroup>
    <ClInclude Include="framework.h">
      <Filter>헤더 파일</Filter>
    </ClInclude>
    <ClInclude Include="Debugger.h">
      <Filter>소스 파일\Debuger</Filter>
    </ClInclude>
    <ClInclude Include="Export\ProfilerDLL.h">
      <Filter>소스 파일\Profiler</Filter>
    </ClInclude>
    <ClInclude Include="Export\Profiler.h">
      <Filter>소스 파일\Profiler</Filter>
    </ClInclude>
    <ClInclude Include="Timer.h">
      <Filter>소스 파일\Debuger\Timer</Filter>
    </ClInclude>
    <ClInclude Include="Logger.h">
      <Filter>소스 파일\Debuger\Logger</Filter>
    </ClInclude>
  </ItemGroup>
  <ItemGroup>
    <ClCompile Include="dllmain.cpp">
      <Filter>소스 파일</Filter>
    </ClCompile>
    <ClCompile Include="Debugger.cpp">
      <Filter>소스 파일\Debuger</Filter>
    </ClCompile>
    <ClCompile Include="Profiler.cpp">
      <Filter>소스 파일\Profiler</Filter>
    </ClCompile>
    <ClCompile Include="Timer.cpp">
      <Filter>소스 파일\Debuger\Timer</Filter>
    </ClCompile>
    <ClCompile Include="Logger.cpp">
      <Filter>소스 파일\Debuger\Logger</Filter>
    </ClCompile>
  </ItemGroup>
</Project>