<?xml version="1.0" encoding="utf-8"?>
<Project ToolsVersion="4.0" xmlns="http://schemas.microsoft.com/developer/msbuild/2003">
  <ItemGroup>
    <Filter Include="소스 파일">
      <UniqueIdentifier>{4FC737F1-C7A5-4376-A066-2A32D752A2FF}</UniqueIdentifier>
      <Extensions>cpp;c;cc;cxx;c++;cppm;ixx;def;odl;idl;hpj;bat;asm;asmx</Extensions>
    </Filter>
    <Filter Include="헤더 파일">
      <UniqueIdentifier>{93995380-89BD-4b04-88EB-625FBE52EBFB}</UniqueIdentifier>
      <Extensions>h;hh;hpp;hxx;h++;hm;inl;inc;ipp;xsd</Extensions>
    </Filter>
    <Filter Include="리소스 파일">
      <UniqueIdentifier>{67DA6AB6-F800-4c08-8B7A-83BB121AAD01}</UniqueIdentifier>
      <Extensions>rc;ico;cur;bmp;dlg;rc2;rct;bin;rgs;gif;jpg;jpeg;jpe;resx;tiff;tif;png;wav;mfcribbon-ms</Extensions>
    </Filter>
    <Filter Include="소스 파일\Component">
      <UniqueIdentifier>{0f1fe710-7256-4e0c-bc2f-cd66e5d514f8}</UniqueIdentifier>
    </Filter>
    <Filter Include="소스 파일\Scene">
      <UniqueIdentifier>{f4fe76d3-6edb-4d2a-ad68-d5564f8f0dcc}</UniqueIdentifier>
    </Filter>
    <Filter Include="소스 파일\Scene\intro">
      <UniqueIdentifier>{6c66b294-6e2d-45e5-af55-b696ee34abf8}</UniqueIdentifier>
    </Filter>
    <Filter Include="소스 파일\Scene\inGame">
      <UniqueIdentifier>{e93e28d7-0fc6-4289-b4a5-74957091c4b2}</UniqueIdentifier>
    </Filter>
    <Filter Include="소스 파일\Scene\Loading">
      <UniqueIdentifier>{f6aae002-8b2f-4f9e-9f7f-1cf3cad1c77d}</UniqueIdentifier>
    </Filter>
    <Filter Include="소스 파일\Component\PlayerCamera">
      <UniqueIdentifier>{925263ad-cb58-4a06-824c-b8133a6978b0}</UniqueIdentifier>
    </Filter>
    <Filter Include="소스 파일\Component\ManaStone">
      <UniqueIdentifier>{b125c172-305a-4d80-a3cb-ba9fc70063ea}</UniqueIdentifier>
    </Filter>
    <Filter Include="소스 파일\Scene\TestScene">
      <UniqueIdentifier>{e34409cd-ddb7-43b7-b06e-2610bfda158f}</UniqueIdentifier>
    </Filter>
    <Filter Include="소스 파일\Manager">
      <UniqueIdentifier>{f719478b-bad2-44d2-a53c-e5625be7e03e}</UniqueIdentifier>
    </Filter>
    <Filter Include="소스 파일\Manager\GameManager">
      <UniqueIdentifier>{db4e3f4a-abcb-4e98-93d4-0e1bdd938816}</UniqueIdentifier>
    </Filter>
    <Filter Include="소스 파일\Manager\LogicManager">
      <UniqueIdentifier>{5635fc7e-f885-45da-8d51-8009646e3639}</UniqueIdentifier>
    </Filter>
    <Filter Include="소스 파일\Manager\ObjectFactory">
      <UniqueIdentifier>{149e5443-6586-42a9-ba32-44b86d569a72}</UniqueIdentifier>
    </Filter>
    <Filter Include="소스 파일\Component\Potal">
      <UniqueIdentifier>{ab9e2d53-63ff-4400-b7b1-760e7edf6fea}</UniqueIdentifier>
    </Filter>
    <Filter Include="소스 파일\Component\Monster">
      <UniqueIdentifier>{1eff42a5-4092-4861-964a-31ca9bdc475c}</UniqueIdentifier>
    </Filter>
    <Filter Include="소스 파일\Component\Monster\MonsterA">
      <UniqueIdentifier>{ffc9e84f-e196-4baa-a051-24a433d4873d}</UniqueIdentifier>
    </Filter>
    <Filter Include="소스 파일\Component\Monster\MonsterB">
      <UniqueIdentifier>{132923d9-8884-4f49-82e4-67753f479308}</UniqueIdentifier>
    </Filter>
    <Filter Include="소스 파일\Component\Drone">
      <UniqueIdentifier>{5d3595c4-893a-419c-8e60-e3f398ffc25a}</UniqueIdentifier>
    </Filter>
    <Filter Include="소스 파일\Manager\ObjectManager">
      <UniqueIdentifier>{e62a3675-adb9-4441-b8b8-c04df61aaf04}</UniqueIdentifier>
    </Filter>
    <Filter Include="소스 파일\Component\Bullet">
      <UniqueIdentifier>{7a6ddbcc-d47a-48be-9937-5c89b4286dc9}</UniqueIdentifier>
    </Filter>
    <Filter Include="소스 파일\Component\Base">
      <UniqueIdentifier>{89b60ef9-7572-4bbd-855d-364826a1bc4e}</UniqueIdentifier>
    </Filter>
    <Filter Include="소스 파일\TypeOption">
      <UniqueIdentifier>{ef448e58-0b69-427d-ada2-231cf7bfb17c}</UniqueIdentifier>
    </Filter>
    <Filter Include="소스 파일\Component\Base\ClientComponent">
      <UniqueIdentifier>{06336456-8bf0-4919-abfa-d84e38d2593f}</UniqueIdentifier>
    </Filter>
    <Filter Include="소스 파일\Component\Player">
      <UniqueIdentifier>{a59a5f89-b961-40e7-8282-6208957b9634}</UniqueIdentifier>
    </Filter>
    <Filter Include="소스 파일\Component\Monster\MonsterComponent">
      <UniqueIdentifier>{d97fd655-d15b-4404-a566-cc93a172992a}</UniqueIdentifier>
    </Filter>
    <Filter Include="소스 파일\Component\LoadImage">
      <UniqueIdentifier>{236ba930-c59b-4d51-b177-6b6fe8114a8f}</UniqueIdentifier>
    </Filter>
  </ItemGroup>
  <ItemGroup>
    <ClInclude Include="framework.h">
      <Filter>헤더 파일</Filter>
    </ClInclude>
    <ClInclude Include="targetver.h">
      <Filter>헤더 파일</Filter>
    </ClInclude>
    <ClInclude Include="Resource.h">
      <Filter>헤더 파일</Filter>
    </ClInclude>
    <ClInclude Include="GameClient.h">
      <Filter>헤더 파일</Filter>
    </ClInclude>
    <ClInclude Include="intro.h">
      <Filter>소스 파일\Scene\intro</Filter>
    </ClInclude>
    <ClInclude Include="inGame.h">
      <Filter>소스 파일\Scene\inGame</Filter>
    </ClInclude>
    <ClInclude Include="Loading.h">
      <Filter>소스 파일\Scene\Loading</Filter>
    </ClInclude>
    <ClInclude Include="PlayerCamera.h">
      <Filter>소스 파일\Component\PlayerCamera</Filter>
    </ClInclude>
    <ClInclude Include="MonsterA.h">
      <Filter>소스 파일\Component\Monster\MonsterA</Filter>
    </ClInclude>
    <ClInclude Include="ManaStone.h">
      <Filter>소스 파일\Component\ManaStone</Filter>
    </ClInclude>
    <ClInclude Include="TestScene.h">
      <Filter>소스 파일\Scene\TestScene</Filter>
    </ClInclude>
    <ClInclude Include="Player.h">
      <Filter>소스 파일\Component\Player</Filter>
    </ClInclude>
    <ClInclude Include="GameManager.h">
      <Filter>소스 파일\Manager\GameManager</Filter>
    </ClInclude>
    <ClInclude Include="GameLogic.h">
      <Filter>소스 파일\Manager\LogicManager</Filter>
    </ClInclude>
    <ClInclude Include="ObjectFactory.h">
      <Filter>소스 파일\Manager\ObjectFactory</Filter>
    </ClInclude>
    <ClInclude Include="Potal.h">
      <Filter>소스 파일\Component\Potal</Filter>
    </ClInclude>
    <ClInclude Include="MonsterB.h">
      <Filter>소스 파일\Component\Monster\MonsterB</Filter>
    </ClInclude>
    <ClInclude Include="ClientObjectManager.h">
      <Filter>소스 파일\Manager\ObjectManager</Filter>
    </ClInclude>
    <ClInclude Include="Bullet.h">
      <Filter>소스 파일\Component\Bullet</Filter>
    </ClInclude>
    <ClInclude Include="ClientTypeOption.h">
      <Filter>소스 파일\TypeOption</Filter>
    </ClInclude>
    <ClInclude Include="ClientComponent.h">
      <Filter>소스 파일\Component\Base\ClientComponent</Filter>
    </ClInclude>
    <ClInclude Include="MonsterComponent.h">
      <Filter>소스 파일\Component\Monster\MonsterComponent</Filter>
    </ClInclude>
    <ClInclude Include="Drone.h">
      <Filter>소스 파일\Component\Drone</Filter>
    </ClInclude>
    <ClInclude Include="LoadImage.h">
      <Filter>소스 파일\Component\LoadImage</Filter>
    </ClInclude>
  </ItemGroup>
  <ItemGroup>
    <ClCompile Include="GameClient.cpp">
      <Filter>소스 파일</Filter>
    </ClCompile>
    <ClCompile Include="intro.cpp">
      <Filter>소스 파일\Scene\intro</Filter>
    </ClCompile>
    <ClCompile Include="inGame.cpp">
      <Filter>소스 파일\Scene\inGame</Filter>
    </ClCompile>
    <ClCompile Include="Loading.cpp">
      <Filter>소스 파일\Scene\Loading</Filter>
    </ClCompile>
    <ClCompile Include="PlayerCamera.cpp">
      <Filter>소스 파일\Component\PlayerCamera</Filter>
    </ClCompile>
    <ClCompile Include="MonsterA.cpp">
      <Filter>소스 파일\Component\Monster\MonsterA</Filter>
    </ClCompile>
    <ClCompile Include="ManaStone.cpp">
      <Filter>소스 파일\Component\ManaStone</Filter>
    </ClCompile>
    <ClCompile Include="TestScene.cpp">
      <Filter>소스 파일\Scene\TestScene</Filter>
    </ClCompile>
    <ClCompile Include="Player.cpp">
      <Filter>소스 파일\Component\Player</Filter>
    </ClCompile>
    <ClCompile Include="GameManager.cpp">
      <Filter>소스 파일\Manager\GameManager</Filter>
    </ClCompile>
    <ClCompile Include="GameLogic.cpp">
      <Filter>소스 파일\Manager\LogicManager</Filter>
    </ClCompile>
    <ClCompile Include="ObjectFactory.cpp">
      <Filter>소스 파일\Manager\ObjectFactory</Filter>
    </ClCompile>
    <ClCompile Include="Potal.cpp">
      <Filter>소스 파일\Component\Potal</Filter>
    </ClCompile>
    <ClCompile Include="MonsterB.cpp">
      <Filter>소스 파일\Component\Monster\MonsterB</Filter>
    </ClCompile>
    <ClCompile Include="ClientObjectManager.cpp">
      <Filter>소스 파일\Manager\ObjectManager</Filter>
    </ClCompile>
    <ClCompile Include="Bullet.cpp">
      <Filter>소스 파일\Component\Bullet</Filter>
    </ClCompile>
    <ClCompile Include="ClientComponent.cpp">
      <Filter>소스 파일\Component\Base\ClientComponent</Filter>
    </ClCompile>
    <ClCompile Include="MonsterComponent.cpp">
      <Filter>소스 파일\Component\Monster\MonsterComponent</Filter>
    </ClCompile>
    <ClCompile Include="Drone.cpp">
      <Filter>소스 파일\Component\Drone</Filter>
    </ClCompile>
    <ClCompile Include="LoadImage.cpp">
      <Filter>소스 파일\Component\LoadImage</Filter>
    </ClCompile>
  </ItemGroup>
  <ItemGroup>
    <ResourceCompile Include="GameClient.rc">
      <Filter>리소스 파일</Filter>
    </ResourceCompile>
  </ItemGroup>
  <ItemGroup>
    <Image Include="small.ico">
      <Filter>리소스 파일</Filter>
    </Image>
    <Image Include="GameClient.ico">
      <Filter>리소스 파일</Filter>
    </Image>
  </ItemGroup>
</Project>