
Microsoft Visual Studio Solution File, Format Version 12.00
# Visual Studio Version 16
VisualStudioVersion = 16.0.31829.152
MinimumVisualStudioVersion = 10.0.40219.1
Project("{8BC9CEB8-8B4A-11D0-8D11-00A0C91BC942}") = "EaterGameServer", "EaterGameServer\EaterGameServer.vcxproj", "{F40261B8-D224-441E-973A-C03A6D187A77}"
EndProject
Global
	GlobalSection(SolutionConfigurationPlatforms) = preSolution
		Debug|x64 = Debug|x64
		Release|x64 = Release|x64
	EndGlobalSection
	GlobalSection(ProjectConfigurationPlatforms) = postSolution
		{F40261B8-D224-441E-973A-C03A6D187A77}.Debug|x64.ActiveCfg = Debug|x64
		{F40261B8-D224-441E-973A-C03A6D187A77}.Debug|x64.Build.0 = Debug|x64
		{F40261B8-D224-441E-973A-C03A6D187A77}.Release|x64.ActiveCfg = Release|x64
		{F40261B8-D224-441E-973A-C03A6D187A77}.Release|x64.Build.0 = Release|x64
	EndGlobalSection
	GlobalSection(SolutionProperties) = preSolution
		HideSolutionNode = FALSE
	EndGlobalSection
	GlobalSection(ExtensibilityGlobals) = postSolution
		SolutionGuid = {BE705E18-8CB7-48B7-A48E-2570A144D11E}
	EndGlobalSection
EndGlobal
