<?xml version="1.0" encoding="utf-8"?>
<Project ToolsVersion="4.0" xmlns="http://schemas.microsoft.com/developer/msbuild/2003">
  <ItemGroup>
    <Filter Include="소스 파일">
      <UniqueIdentifier>{4FC737F1-C7A5-4376-A066-2A32D752A2FF}</UniqueIdentifier>
      <Extensions>cpp;c;cc;cxx;c++;cppm;ixx;def;odl;idl;hpj;bat;asm;asmx</Extensions>
    </Filter>
    <Filter Include="헤더 파일">
      <UniqueIdentifier>{93995380-89BD-4b04-88EB-625FBE52EBFB}</UniqueIdentifier>
      <Extensions>h;hh;hpp;hxx;h++;hm;inl;inc;ipp;xsd</Extensions>
    </Filter>
    <Filter Include="리소스 파일">
      <UniqueIdentifier>{67DA6AB6-F800-4c08-8B7A-83BB121AAD01}</UniqueIdentifier>
      <Extensions>rc;ico;cur;bmp;dlg;rc2;rct;bin;rgs;gif;jpg;jpeg;jpe;resx;tiff;tif;png;wav;mfcribbon-ms</Extensions>
    </Filter>
    <Filter Include="소스 파일\Component">
      <UniqueIdentifier>{8b514139-5108-4f6a-b66a-af7b33cc6560}</UniqueIdentifier>
    </Filter>
    <Filter Include="소스 파일\GameObject">
      <UniqueIdentifier>{388b9a85-dddf-4e4f-9f40-2892677c6441}</UniqueIdentifier>
    </Filter>
    <Filter Include="소스 파일\Component\ComponentBase">
      <UniqueIdentifier>{de7214b3-5118-4f0b-92cb-81c38251b2b1}</UniqueIdentifier>
    </Filter>
    <Filter Include="소스 파일\Component\MeshFilter">
      <UniqueIdentifier>{e1a8f83a-9fbe-41b2-bcaf-4aaa827116a1}</UniqueIdentifier>
    </Filter>
    <Filter Include="소스 파일\Component\Collider">
      <UniqueIdentifier>{d34d8a60-5880-4358-a416-fe8f2edab2e9}</UniqueIdentifier>
    </Filter>
    <Filter Include="소스 파일\Component\Camera">
      <UniqueIdentifier>{2dd6ee96-a450-48a0-b4e7-8f934ff7a1be}</UniqueIdentifier>
    </Filter>
    <Filter Include="소스 파일\Data">
      <UniqueIdentifier>{5dcb3e99-0855-4943-8b83-e3afc16f9656}</UniqueIdentifier>
    </Filter>
    <Filter Include="소스 파일\Engine">
      <UniqueIdentifier>{08bc5e81-a29e-42c8-a4f8-d7ad3b9970e6}</UniqueIdentifier>
    </Filter>
    <Filter Include="소스 파일\Engine\GameEngine">
      <UniqueIdentifier>{04116a65-6bb9-4e93-895d-39a70b9a06f6}</UniqueIdentifier>
    </Filter>
    <Filter Include="소스 파일\Component\Transform">
      <UniqueIdentifier>{85e0042f-5eda-4ce6-9cac-7a212ad26da6}</UniqueIdentifier>
    </Filter>
    <Filter Include="소스 파일\Component\SkinningFilter">
      <UniqueIdentifier>{0db28258-c4dd-46c9-b56d-fa34d7f861c0}</UniqueIdentifier>
    </Filter>
    <Filter Include="소스 파일\Component\Light">
      <UniqueIdentifier>{94a42d33-37f6-4e8c-bc61-b51a98b6214a}</UniqueIdentifier>
    </Filter>
    <Filter Include="소스 파일\Component\AnimationController">
      <UniqueIdentifier>{85dbf900-b15b-4f04-8aa6-98d8c0e0cc7d}</UniqueIdentifier>
    </Filter>
    <Filter Include="소스 파일\Component\Animator">
      <UniqueIdentifier>{5d4d878e-6e04-41e7-a1e6-ee77e43803d7}</UniqueIdentifier>
    </Filter>
    <Filter Include="소스 파일\MainHeader">
      <UniqueIdentifier>{f73757eb-5a6f-4d7b-9396-09c400c48563}</UniqueIdentifier>
    </Filter>
    <Filter Include="소스 파일\Component\Rigidbody">
      <UniqueIdentifier>{d2678508-d693-4487-b08e-f8610a35fc5f}</UniqueIdentifier>
    </Filter>
    <Filter Include="소스 파일\Component\Terrain">
      <UniqueIdentifier>{93570656-4fcd-4816-b74b-d46c9fd72da6}</UniqueIdentifier>
    </Filter>
    <Filter Include="소스 파일\Delegate">
      <UniqueIdentifier>{2acc9f63-4775-495f-ac9b-67423609cfca}</UniqueIdentifier>
    </Filter>
    <Filter Include="소스 파일\Component\Network">
      <UniqueIdentifier>{b699a835-7ee8-464d-af9d-d2733848e2c5}</UniqueIdentifier>
    </Filter>
    <Filter Include="소스 파일\Component\ParticleSystem">
      <UniqueIdentifier>{34f5274e-dca7-4388-a277-54196b70c414}</UniqueIdentifier>
    </Filter>
    <Filter Include="소스 파일\Component\ParticleSystem\Random">
      <UniqueIdentifier>{04f988f9-8f5c-44d5-8b36-49bda11d6bc8}</UniqueIdentifier>
    </Filter>
    <Filter Include="소스 파일\Component\ParticleSystem\Particle">
      <UniqueIdentifier>{b91230dd-71d3-4603-8dfd-b7303e033f0a}</UniqueIdentifier>
    </Filter>
    <Filter Include="소스 파일\Component\Network\NetworkComponent">
      <UniqueIdentifier>{c847a445-5725-492d-8c8f-b6fc2fdcf4fb}</UniqueIdentifier>
    </Filter>
    <Filter Include="소스 파일\Resource">
      <UniqueIdentifier>{dc083899-344c-4b21-be3d-8715b4306d34}</UniqueIdentifier>
    </Filter>
    <Filter Include="소스 파일\Resource\Material">
      <UniqueIdentifier>{f9010fdf-b65c-4b72-ae7a-ada064a4240d}</UniqueIdentifier>
    </Filter>
    <Filter Include="소스 파일\Resource\Mesh">
      <UniqueIdentifier>{843815ed-f69c-4027-91ed-7b1c7453a5d5}</UniqueIdentifier>
    </Filter>
    <Filter Include="소스 파일\Manager">
      <UniqueIdentifier>{8c514d5c-7e4f-4c5e-bb8a-6438dbccd094}</UniqueIdentifier>
    </Filter>
    <Filter Include="소스 파일\Manager\DebugManager">
      <UniqueIdentifier>{2ccf28fb-8aa7-4439-b9db-ddcf340c9e62}</UniqueIdentifier>
    </Filter>
    <Filter Include="소스 파일\Manager\ObjectManager">
      <UniqueIdentifier>{1a5ca334-8b08-4aa7-b87b-eb69d8964169}</UniqueIdentifier>
    </Filter>
    <Filter Include="소스 파일\Manager\LoadManager">
      <UniqueIdentifier>{931b4d5c-1b99-4484-b48b-b556ea25b14b}</UniqueIdentifier>
    </Filter>
    <Filter Include="소스 파일\Manager\LoadManager\Texture">
      <UniqueIdentifier>{4fcf5d0c-b7eb-4c5e-969a-14eab25ca58a}</UniqueIdentifier>
    </Filter>
    <Filter Include="소스 파일\Manager\LoadManager\FBX">
      <UniqueIdentifier>{a42cd543-c9a6-4434-8573-de369abb5797}</UniqueIdentifier>
    </Filter>
    <Filter Include="소스 파일\Manager\LoadManager\Manager">
      <UniqueIdentifier>{bfb1f3a4-e6d0-46fa-b1b0-8acebf290950}</UniqueIdentifier>
    </Filter>
    <Filter Include="소스 파일\Manager\LoadManager\EATER">
      <UniqueIdentifier>{3042ceed-9197-40f4-b480-b36b166ad20d}</UniqueIdentifier>
    </Filter>
    <Filter Include="소스 파일\Manager\LoadManager\EATER\EaterScene">
      <UniqueIdentifier>{0bd7df29-391a-4107-b3da-c816c707cbb0}</UniqueIdentifier>
    </Filter>
    <Filter Include="소스 파일\Manager\LoadManager\EATER\Manager">
      <UniqueIdentifier>{5288aa1d-0bf5-4b35-85c8-62a71487f109}</UniqueIdentifier>
    </Filter>
    <Filter Include="소스 파일\Manager\LoadManager\EATER\EaterBuffer">
      <UniqueIdentifier>{2da47d89-ab72-44b2-811b-a74a9edbc4bd}</UniqueIdentifier>
    </Filter>
    <Filter Include="소스 파일\Manager\LoadManager\EATER\EaterMesh">
      <UniqueIdentifier>{0eddee7f-7a80-4631-8aeb-72072960aadc}</UniqueIdentifier>
    </Filter>
    <Filter Include="소스 파일\Manager\LoadManager\EATER\EaterMaterial">
      <UniqueIdentifier>{8b570963-0941-4894-b30f-aa2a030d069f}</UniqueIdentifier>
    </Filter>
    <Filter Include="소스 파일\Manager\LoadManager\EATER\EaterInterface">
      <UniqueIdentifier>{610439c6-177f-45c9-8e56-b0f7483da393}</UniqueIdentifier>
    </Filter>
    <Filter Include="소스 파일\Manager\LoadManager\EATER\EaterCamera">
      <UniqueIdentifier>{8525a853-a4dd-4374-9df0-373ac77606d5}</UniqueIdentifier>
    </Filter>
    <Filter Include="소스 파일\Manager\KeyinputManager">
      <UniqueIdentifier>{a08a0ee9-85c4-4e41-a474-0c2f36fbe5a6}</UniqueIdentifier>
    </Filter>
    <Filter Include="소스 파일\Manager\TimeManager">
      <UniqueIdentifier>{7e157c44-e3ef-43c6-b564-1bd159e7e8d5}</UniqueIdentifier>
    </Filter>
    <Filter Include="소스 파일\Manager\GraphicManager">
      <UniqueIdentifier>{b223fce5-c4e2-428b-b257-6e662f5be63b}</UniqueIdentifier>
    </Filter>
    <Filter Include="소스 파일\Manager\LightManager">
      <UniqueIdentifier>{660a8a07-22fd-441b-9e1d-b3385e883764}</UniqueIdentifier>
    </Filter>
    <Filter Include="소스 파일\Manager\MaterialManager">
      <UniqueIdentifier>{97384cd9-9b0f-408f-bb40-d7e5ba516608}</UniqueIdentifier>
    </Filter>
    <Filter Include="소스 파일\Manager\NetworkManager">
      <UniqueIdentifier>{c9484c65-e1c6-4a64-8e2a-68660a7ad5c0}</UniqueIdentifier>
    </Filter>
    <Filter Include="소스 파일\Manager\MeshManager">
      <UniqueIdentifier>{24fc8def-cfa8-4a9c-9522-595351fae0cf}</UniqueIdentifier>
    </Filter>
    <Filter Include="소스 파일\Manager\PhysManager">
      <UniqueIdentifier>{1045462d-8dcb-4189-9e4f-6ffb8c70e6dc}</UniqueIdentifier>
    </Filter>
    <Filter Include="소스 파일\Manager\SceneManager">
      <UniqueIdentifier>{a7114667-6fd9-4288-a84a-872390776b42}</UniqueIdentifier>
    </Filter>
    <Filter Include="소스 파일\Manager\GlobalDataManager">
      <UniqueIdentifier>{b358fedd-14c8-407e-b4c1-d40ef4a00f9f}</UniqueIdentifier>
    </Filter>
    <Filter Include="소스 파일\Component\NavMesh">
      <UniqueIdentifier>{66b353ad-5b45-4e71-ac95-b1bb40e5e240}</UniqueIdentifier>
    </Filter>
    <Filter Include="소스 파일\Manager\NavigationManager">
      <UniqueIdentifier>{228d6585-bbdf-447d-8890-c9a498538e62}</UniqueIdentifier>
    </Filter>
  </ItemGroup>
  <ItemGroup>
    <ClInclude Include="framework.h">
      <Filter>헤더 파일</Filter>
    </ClInclude>
    <ClInclude Include="SceneManager.h">
      <Filter>소스 파일\Manager\SceneManager</Filter>
    </ClInclude>
    <ClInclude Include="DebugManager.h">
      <Filter>소스 파일\Manager\DebugManager</Filter>
    </ClInclude>
    <ClInclude Include="Delegate.h">
      <Filter>소스 파일\Delegate</Filter>
    </ClInclude>
    <ClInclude Include="ObjectManager.h">
      <Filter>소스 파일\Manager\ObjectManager</Filter>
    </ClInclude>
    <ClInclude Include="ComponentHeader.h">
      <Filter>헤더 파일</Filter>
    </ClInclude>
    <ClInclude Include="GameEngine.h">
      <Filter>소스 파일\Engine\GameEngine</Filter>
    </ClInclude>
    <ClInclude Include="KeyinputManager.h">
      <Filter>소스 파일\Manager\KeyinputManager</Filter>
    </ClInclude>
    <ClInclude Include="TimeManager.h">
      <Filter>소스 파일\Manager\TimeManager</Filter>
    </ClInclude>
    <ClInclude Include="GraphicEngineManager.h">
      <Filter>소스 파일\Manager\GraphicManager</Filter>
    </ClInclude>
    <ClInclude Include="Export\Transform.h">
      <Filter>소스 파일\Component\Transform</Filter>
    </ClInclude>
    <ClInclude Include="Export\Scene.h">
      <Filter>소스 파일\Manager\SceneManager</Filter>
    </ClInclude>
    <ClInclude Include="Export\MainHeader.h">
      <Filter>소스 파일\MainHeader</Filter>
    </ClInclude>
    <ClInclude Include="Export\GameObject.h">
      <Filter>소스 파일\GameObject</Filter>
    </ClInclude>
    <ClInclude Include="Export\Camera.h">
      <Filter>소스 파일\Component\Camera</Filter>
    </ClInclude>
    <ClInclude Include="Export\EaterEngineDLL.h">
      <Filter>소스 파일\Data</Filter>
    </ClInclude>
    <ClInclude Include="Export\SkinningFilter.h">
      <Filter>소스 파일\Component\SkinningFilter</Filter>
    </ClInclude>
    <ClInclude Include="LightManager.h">
      <Filter>소스 파일\Manager\LightManager</Filter>
    </ClInclude>
    <ClInclude Include="MaterialManager.h">
      <Filter>소스 파일\Manager\MaterialManager</Filter>
    </ClInclude>
    <ClInclude Include="Export\Light.h">
      <Filter>소스 파일\Component\Light</Filter>
    </ClInclude>
    <ClInclude Include="..\..\Library\inc\EngineData.h">
      <Filter>소스 파일\Data</Filter>
    </ClInclude>
    <ClInclude Include="Export\MeshFilter.h">
      <Filter>소스 파일\Component\MeshFilter</Filter>
    </ClInclude>
    <ClInclude Include="Export\Animator.h">
      <Filter>소스 파일\Component\Animator</Filter>
    </ClInclude>
    <ClInclude Include="Export\AnimationController.h">
      <Filter>소스 파일\Component\AnimationController</Filter>
    </ClInclude>
    <ClInclude Include="PhysManager.h">
      <Filter>소스 파일\Manager\PhysManager</Filter>
    </ClInclude>
    <ClInclude Include="Export\Terrain.h">
      <Filter>소스 파일\Component\Terrain</Filter>
    </ClInclude>
    <ClInclude Include="Export\ComponentBase.h">
      <Filter>소스 파일\Component\ComponentBase</Filter>
    </ClInclude>
    <ClInclude Include="Export\Component.h">
      <Filter>소스 파일\Component\ComponentBase</Filter>
    </ClInclude>
    <ClInclude Include="Export\Rigidbody.h">
      <Filter>소스 파일\Component\Rigidbody</Filter>
    </ClInclude>
    <ClInclude Include="Export\ParticleSystem.h">
      <Filter>소스 파일\Component\ParticleSystem</Filter>
    </ClInclude>
    <ClInclude Include="NetworkManager.h">
      <Filter>소스 파일\Manager\NetworkManager</Filter>
    </ClInclude>
    <ClInclude Include="Export\NetworkComponent.h">
      <Filter>소스 파일\Component\Network\NetworkComponent</Filter>
    </ClInclude>
    <ClInclude Include="Export\NetworkManagerComponent.h">
      <Filter>소스 파일\Component\Network\NetworkComponent</Filter>
    </ClInclude>
    <ClInclude Include="..\..\Library\inc\TypeOptionHeader.h">
      <Filter>소스 파일\Data</Filter>
    </ClInclude>
    <ClInclude Include="..\..\Library\inc\LightHelper.h">
      <Filter>소스 파일\Data</Filter>
    </ClInclude>
    <ClInclude Include="Export\Collider.h">
      <Filter>소스 파일\Component\Collider</Filter>
    </ClInclude>
    <ClInclude Include="TextureManager.h">
      <Filter>소스 파일\Manager\LoadManager\Texture</Filter>
    </ClInclude>
    <ClInclude Include="LoadManager.h">
      <Filter>소스 파일\Manager\LoadManager\Manager</Filter>
    </ClInclude>
    <ClInclude Include="FBXManager.h">
      <Filter>소스 파일\Manager\LoadManager\FBX</Filter>
    </ClInclude>
    <ClInclude Include="Export\Material.h">
      <Filter>소스 파일\Resource\Material</Filter>
    </ClInclude>
    <ClInclude Include="MeshManager.h">
      <Filter>소스 파일\Manager\MeshManager</Filter>
    </ClInclude>
    <ClInclude Include="Export\Mesh.h">
      <Filter>소스 파일\Resource\Mesh</Filter>
    </ClInclude>
    <ClInclude Include="EATERManager.h">
      <Filter>소스 파일\Manager\LoadManager\EATER\Manager</Filter>
    </ClInclude>
    <ClInclude Include="Eater_LoadMesh.h">
      <Filter>소스 파일\Manager\LoadManager\EATER\EaterMesh</Filter>
    </ClInclude>
    <ClInclude Include="Eater_LoadMaterial.h">
      <Filter>소스 파일\Manager\LoadManager\EATER\EaterMaterial</Filter>
    </ClInclude>
    <ClInclude Include="Eater_LoadBuffer.h">
      <Filter>소스 파일\Manager\LoadManager\EATER\EaterBuffer</Filter>
    </ClInclude>
    <ClInclude Include="Eater_LoadScene.h">
      <Filter>소스 파일\Manager\LoadManager\EATER\EaterScene</Filter>
    </ClInclude>
    <ClInclude Include="Eater_Interface.h">
      <Filter>소스 파일\Manager\LoadManager\EATER\EaterInterface</Filter>
    </ClInclude>
    <ClInclude Include="Export\CameraDebugKeyInput.h">
      <Filter>소스 파일\Component\Camera</Filter>
    </ClInclude>
    <ClInclude Include="Eater_LoadCamera.h">
      <Filter>소스 파일\Manager\LoadManager\EATER\EaterCamera</Filter>
    </ClInclude>
    <ClInclude Include="RandomNumber.h">
      <Filter>소스 파일\Component\ParticleSystem\Random</Filter>
    </ClInclude>
    <ClInclude Include="Particle.h">
      <Filter>소스 파일\Component\ParticleSystem\Particle</Filter>
    </ClInclude>
    <ClInclude Include="GlobalDataManager.h">
      <Filter>소스 파일\Manager\GlobalDataManager</Filter>
    </ClInclude>
    <ClInclude Include="..\..\Library\inc\ResourcesData.h">
      <Filter>소스 파일\Data</Filter>
    </ClInclude>
    <ClInclude Include="NavMesh.h">
      <Filter>소스 파일\Component\NavMesh</Filter>
    </ClInclude>
    <ClInclude Include="NavigationManager.h">
      <Filter>소스 파일\Manager\NavigationManager</Filter>
    </ClInclude>
  </ItemGroup>
  <ItemGroup>
    <ClCompile Include="dllmain.cpp">
      <Filter>소스 파일</Filter>
    </ClCompile>
    <ClCompile Include="GameObject.cpp">
      <Filter>소스 파일\GameObject</Filter>
    </ClCompile>
    <ClCompile Include="Component.cpp">
      <Filter>소스 파일\Component\ComponentBase</Filter>
    </ClCompile>
    <ClCompile Include="MainHeader.cpp">
      <Filter>소스 파일\MainHeader</Filter>
    </ClCompile>
    <ClCompile Include="Scene.cpp">
      <Filter>소스 파일\Manager\SceneManager</Filter>
    </ClCompile>
    <ClCompile Include="SceneManager.cpp">
      <Filter>소스 파일\Manager\SceneManager</Filter>
    </ClCompile>
    <ClCompile Include="DebugManager.cpp">
      <Filter>소스 파일\Manager\DebugManager</Filter>
    </ClCompile>
    <ClCompile Include="Delegate.cpp">
      <Filter>소스 파일\Delegate</Filter>
    </ClCompile>
    <ClCompile Include="ObjectManager.cpp">
      <Filter>소스 파일\Manager\ObjectManager</Filter>
    </ClCompile>
    <ClCompile Include="MeshFilter.cpp">
      <Filter>소스 파일\Component\MeshFilter</Filter>
    </ClCompile>
    <ClCompile Include="Transform.cpp">
      <Filter>소스 파일\Component\Transform</Filter>
    </ClCompile>
    <ClCompile Include="Camera.cpp">
      <Filter>소스 파일\Component\Camera</Filter>
    </ClCompile>
    <ClCompile Include="GameEngine.cpp">
      <Filter>소스 파일\Engine\GameEngine</Filter>
    </ClCompile>
    <ClCompile Include="KeyinputManager.cpp">
      <Filter>소스 파일\Manager\KeyinputManager</Filter>
    </ClCompile>
    <ClCompile Include="TimeManager.cpp">
      <Filter>소스 파일\Manager\TimeManager</Filter>
    </ClCompile>
    <ClCompile Include="GraphicEngineManager.cpp">
      <Filter>소스 파일\Manager\GraphicManager</Filter>
    </ClCompile>
    <ClCompile Include="SkinningFilter.cpp">
      <Filter>소스 파일\Component\SkinningFilter</Filter>
    </ClCompile>
    <ClCompile Include="LightManager.cpp">
      <Filter>소스 파일\Manager\LightManager</Filter>
    </ClCompile>
    <ClCompile Include="MaterialManager.cpp">
      <Filter>소스 파일\Manager\MaterialManager</Filter>
    </ClCompile>
    <ClCompile Include="Light.cpp">
      <Filter>소스 파일\Component\Light</Filter>
    </ClCompile>
    <ClCompile Include="Material.cpp">
      <Filter>소스 파일\Resource\Material</Filter>
    </ClCompile>
    <ClCompile Include="Animator.cpp">
      <Filter>소스 파일\Component\Animator</Filter>
    </ClCompile>
    <ClCompile Include="AnimationController.cpp">
      <Filter>소스 파일\Component\AnimationController</Filter>
    </ClCompile>
    <ClCompile Include="PhysManager.cpp">
      <Filter>소스 파일\Manager\PhysManager</Filter>
    </ClCompile>
    <ClCompile Include="Rigidbody.cpp">
      <Filter>소스 파일\Component\Rigidbody</Filter>
    </ClCompile>
    <ClCompile Include="Terrain.cpp">
      <Filter>소스 파일\Component\Terrain</Filter>
    </ClCompile>
    <ClCompile Include="NetworkManager.cpp">
      <Filter>소스 파일\Manager\NetworkManager</Filter>
    </ClCompile>
    <ClCompile Include="ParticleSystem.cpp">
      <Filter>소스 파일\Component\ParticleSystem</Filter>
    </ClCompile>
    <ClCompile Include="Particle.cpp">
      <Filter>소스 파일\Component\ParticleSystem\Particle</Filter>
    </ClCompile>
    <ClCompile Include="NetworkComponent.cpp">
      <Filter>소스 파일\Component\Network\NetworkComponent</Filter>
    </ClCompile>
    <ClCompile Include="NetworkManagerComponent.cpp">
      <Filter>소스 파일\Component\Network\NetworkComponent</Filter>
    </ClCompile>
    <ClCompile Include="RandomNumber.cpp">
      <Filter>소스 파일\Component\ParticleSystem\Random</Filter>
    </ClCompile>
    <ClCompile Include="CameraDebugKeyInput.cpp">
      <Filter>소스 파일\Component\Camera</Filter>
    </ClCompile>
    <ClCompile Include="Collider.cpp">
      <Filter>소스 파일\Component\Collider</Filter>
    </ClCompile>
    <ClCompile Include="TextureManager.cpp">
      <Filter>소스 파일\Manager\LoadManager\Texture</Filter>
    </ClCompile>
    <ClCompile Include="LoadManager.cpp">
      <Filter>소스 파일\Manager\LoadManager\Manager</Filter>
    </ClCompile>
    <ClCompile Include="FBXManager.cpp">
      <Filter>소스 파일\Manager\LoadManager\FBX</Filter>
    </ClCompile>
    <ClCompile Include="MeshManager.cpp">
      <Filter>소스 파일\Manager\MeshManager</Filter>
    </ClCompile>
    <ClCompile Include="Mesh.cpp">
      <Filter>소스 파일\Resource\Mesh</Filter>
    </ClCompile>
    <ClCompile Include="EATERManager.cpp">
      <Filter>소스 파일\Manager\LoadManager\EATER\Manager</Filter>
    </ClCompile>
    <ClCompile Include="Eater_LoadMesh.cpp">
      <Filter>소스 파일\Manager\LoadManager\EATER\EaterMesh</Filter>
    </ClCompile>
    <ClCompile Include="Eater_LoadMaterial.cpp">
      <Filter>소스 파일\Manager\LoadManager\EATER\EaterMaterial</Filter>
    </ClCompile>
    <ClCompile Include="Eater_LoadBuffer.cpp">
      <Filter>소스 파일\Manager\LoadManager\EATER\EaterBuffer</Filter>
    </ClCompile>
    <ClCompile Include="Eater_LoadScene.cpp">
      <Filter>소스 파일\Manager\LoadManager\EATER\EaterScene</Filter>
    </ClCompile>
    <ClCompile Include="Eater_Interface.cpp">
      <Filter>소스 파일\Manager\LoadManager\EATER\EaterInterface</Filter>
    </ClCompile>
    <ClCompile Include="Eater_LoadCamera.cpp">
      <Filter>소스 파일\Manager\LoadManager\EATER\EaterCamera</Filter>
    </ClCompile>
    <ClCompile Include="GlobalDataManager.cpp">
      <Filter>소스 파일\Manager\GlobalDataManager</Filter>
    </ClCompile>
    <ClCompile Include="NavMesh.cpp">
      <Filter>소스 파일\Component\NavMesh</Filter>
    </ClCompile>
    <ClCompile Include="NavigationManager.cpp">
      <Filter>소스 파일\Manager\NavigationManager</Filter>
    </ClCompile>
  </ItemGroup>
</Project>